
Microsoft Visual Studio Solution File, Format Version 12.00
# Visual Studio Version 17
VisualStudioVersion = 17.4.33205.214
MinimumVisualStudioVersion = 10.0.40219.1
Project("{FAE04EC0-301F-11D3-BF4B-00C04F79EFBC}") = "WebApplication1", "WebApplication1\WebApplication1.csproj", "{549C8B88-F300-43DB-B966-5070D19DB871}"
EndProject
Global
	GlobalSection(SolutionConfigurationPlatforms) = preSolution
		Debug|Any CPU = Debug|Any CPU
		Release|Any CPU = Release|Any CPU
	EndGlobalSection
	GlobalSection(ProjectConfigurationPlatforms) = postSolution
		{549C8B88-F300-43DB-B966-5070D19DB871}.Debug|Any CPU.ActiveCfg = Debug|Any CPU
		{549C8B88-F300-43DB-B966-5070D19DB871}.Debug|Any CPU.Build.0 = Debug|Any CPU
		{549C8B88-F300-43DB-B966-5070D19DB871}.Release|Any CPU.ActiveCfg = Release|Any CPU
		{549C8B88-F300-43DB-B966-5070D19DB871}.Release|Any CPU.Build.0 = Release|Any CPU
	EndGlobalSection
	GlobalSection(SolutionProperties) = preSolution
		HideSolutionNode = FALSE
	EndGlobalSection
	GlobalSection(ExtensibilityGlobals) = postSolution
		SolutionGuid = {37DB46C5-7EBB-4CA8-9BCA-E313B007311A}
	EndGlobalSection
EndGlobal
